
Microsoft Visual Studio Solution File, Format Version 12.00
# Visual Studio Version 17
VisualStudioVersion = 17.4.33213.308
MinimumVisualStudioVersion = 10.0.40219.1
Project("{FAE04EC0-301F-11D3-BF4B-00C04F79EFBC}") = "YGODatabase", "YGODatabase\YGODatabase.csproj", "{860C0FF6-54FE-40FA-8910-2FFAC7D0862B}"
EndProject
Global
	GlobalSection(SolutionConfigurationPlatforms) = preSolution
		Debug|Any CPU = Debug|Any CPU
		Release|Any CPU = Release|Any CPU
	EndGlobalSection
	GlobalSection(ProjectConfigurationPlatforms) = postSolution
		{860C0FF6-54FE-40FA-8910-2FFAC7D0862B}.Debug|Any CPU.ActiveCfg = Debug|Any CPU
		{860C0FF6-54FE-40FA-8910-2FFAC7D0862B}.Debug|Any CPU.Build.0 = Debug|Any CPU
		{860C0FF6-54FE-40FA-8910-2FFAC7D0862B}.Release|Any CPU.ActiveCfg = Release|Any CPU
		{860C0FF6-54FE-40FA-8910-2FFAC7D0862B}.Release|Any CPU.Build.0 = Release|Any CPU
	EndGlobalSection
	GlobalSection(SolutionProperties) = preSolution
		HideSolutionNode = FALSE
	EndGlobalSection
	GlobalSection(ExtensibilityGlobals) = postSolution
		SolutionGuid = {0FBD1A58-89B6-4B8F-BC34-C4308EB1BCC8}
	EndGlobalSection
EndGlobal
